
Microsoft Visual Studio Solution File, Format Version 12.00
# Visual Studio Version 16
VisualStudioVersion = 16.0.30204.135
MinimumVisualStudioVersion = 10.0.40219.1
Project("{800CCBF1-27CE-4AAF-893C-7D5408DA5C1E}") = "Emergence.Functions", "Emergence.Functions\Emergence.Functions.csproj", "{6648D44E-6B72-4CFE-95FF-7717C61A49BE}"
EndProject
Global
	GlobalSection(SolutionConfigurationPlatforms) = preSolution
		Debug|Any CPU = Debug|Any CPU
		Release|Any CPU = Release|Any CPU
	EndGlobalSection
	GlobalSection(ProjectConfigurationPlatforms) = postSolution
		{6648D44E-6B72-4CFE-95FF-7717C61A49BE}.Debug|Any CPU.ActiveCfg = Debug|Any CPU
		{6648D44E-6B72-4CFE-95FF-7717C61A49BE}.Debug|Any CPU.Build.0 = Debug|Any CPU
		{6648D44E-6B72-4CFE-95FF-7717C61A49BE}.Release|Any CPU.ActiveCfg = Release|Any CPU
		{6648D44E-6B72-4CFE-95FF-7717C61A49BE}.Release|Any CPU.Build.0 = Release|Any CPU
	EndGlobalSection
	GlobalSection(SolutionProperties) = preSolution
		HideSolutionNode = FALSE
	EndGlobalSection
	GlobalSection(ExtensibilityGlobals) = postSolution
		SolutionGuid = {800CCBF1-27CE-4AAF-893C-7D5408DA5C1E}
	EndGlobalSection
EndGlobal
